
Microsoft Visual Studio Solution File, Format Version 12.00
# Visual Studio Version 17
VisualStudioVersion = 17.13.35806.99 d17.13
MinimumVisualStudioVersion = 10.0.40219.1
Project("{FAE04EC0-301F-11D3-BF4B-00C04F79EFBC}") = "oops(practice)", "oops(practice).csproj", "{C8529946-10D7-4B54-A78C-E6A58C01180B}"
EndProject
Global
	GlobalSection(SolutionConfigurationPlatforms) = preSolution
		Debug|Any CPU = Debug|Any CPU
		Release|Any CPU = Release|Any CPU
	EndGlobalSection
	GlobalSection(ProjectConfigurationPlatforms) = postSolution
		{C8529946-10D7-4B54-A78C-E6A58C01180B}.Debug|Any CPU.ActiveCfg = Debug|Any CPU
		{C8529946-10D7-4B54-A78C-E6A58C01180B}.Debug|Any CPU.Build.0 = Debug|Any CPU
		{C8529946-10D7-4B54-A78C-E6A58C01180B}.Release|Any CPU.ActiveCfg = Release|Any CPU
		{C8529946-10D7-4B54-A78C-E6A58C01180B}.Release|Any CPU.Build.0 = Release|Any CPU
	EndGlobalSection
	GlobalSection(SolutionProperties) = preSolution
		HideSolutionNode = FALSE
	EndGlobalSection
	GlobalSection(ExtensibilityGlobals) = postSolution
		SolutionGuid = {47C8698C-44ED-4414-B97D-E76C0FE1C6A8}
	EndGlobalSection
EndGlobal
